// !$*UTF8*$!
{
	archiveVersion = 1;
	classes = {
	};
	objectVersion = 56;
	objects = {

/* Begin PBXBuildFile section */
		75B5C4792A389A2300F63A5A /* AppDelegate.swift in Sources */ = {isa = PBXBuildFile; fileRef = 75B5C4782A389A2300F63A5A /* AppDelegate.swift */; };
		75B5C47B2A389A2300F63A5A /* DocumentBrowserViewController.swift in Sources */ = {isa = PBXBuildFile; fileRef = 75B5C47A2A389A2300F63A5A /* DocumentBrowserViewController.swift */; };
		75B5C47F2A389A2300F63A5A /* ImageGalleryDocument.swift in Sources */ = {isa = PBXBuildFile; fileRef = 75B5C47E2A389A2300F63A5A /* ImageGalleryDocument.swift */; };
		75B5C4822A389A2300F63A5A /* Main.storyboard in Resources */ = {isa = PBXBuildFile; fileRef = 75B5C4802A389A2300F63A5A /* Main.storyboard */; };
		75B5C4842A389A2300F63A5A /* Assets.xcassets in Resources */ = {isa = PBXBuildFile; fileRef = 75B5C4832A389A2300F63A5A /* Assets.xcassets */; };
		75B5C4872A389A2300F63A5A /* LaunchScreen.storyboard in Resources */ = {isa = PBXBuildFile; fileRef = 75B5C4852A389A2300F63A5A /* LaunchScreen.storyboard */; };
		75B5C4952A389EB100F63A5A /* ImageGalleryGestures.swift in Sources */ = {isa = PBXBuildFile; fileRef = 75B5C48E2A389EB100F63A5A /* ImageGalleryGestures.swift */; };
		75B5C4962A389EB100F63A5A /* Cellidentifire.swift in Sources */ = {isa = PBXBuildFile; fileRef = 75B5C48F2A389EB100F63A5A /* Cellidentifire.swift */; };
		75B5C4972A389EB100F63A5A /* ImageCollectionViewCell.swift in Sources */ = {isa = PBXBuildFile; fileRef = 75B5C4902A389EB100F63A5A /* ImageCollectionViewCell.swift */; };
		75B5C4982A389EB100F63A5A /* Utilities.swift in Sources */ = {isa = PBXBuildFile; fileRef = 75B5C4912A389EB100F63A5A /* Utilities.swift */; };
		75B5C4992A389EB100F63A5A /* ImageGalleryViewController.swift in Sources */ = {isa = PBXBuildFile; fileRef = 75B5C4922A389EB100F63A5A /* ImageGalleryViewController.swift */; };
		75B5C49A2A389EB100F63A5A /* ImageVC.swift in Sources */ = {isa = PBXBuildFile; fileRef = 75B5C4932A389EB100F63A5A /* ImageVC.swift */; };
		75B5C49B2A389EB100F63A5A /* CacheManager.swift in Sources */ = {isa = PBXBuildFile; fileRef = 75B5C4942A389EB100F63A5A /* CacheManager.swift */; };
		75B5C49E2A38BAE700F63A5A /* ImageGallery.swift in Sources */ = {isa = PBXBuildFile; fileRef = 75B5C49D2A38BAE700F63A5A /* ImageGallery.swift */; };
/* End PBXBuildFile section */

/* Begin PBXFileReference section */
		75B5C4752A389A2300F63A5A /* DocumentImageGallery.app */ = {isa = PBXFileReference; explicitFileType = wrapper.application; includeInIndex = 0; path = DocumentImageGallery.app; sourceTree = BUILT_PRODUCTS_DIR; };
		75B5C4782A389A2300F63A5A /* AppDelegate.swift */ = {isa = PBXFileReference; lastKnownFileType = sourcecode.swift; path = AppDelegate.swift; sourceTree = "<group>"; };
		75B5C47A2A389A2300F63A5A /* DocumentBrowserViewController.swift */ = {isa = PBXFileReference; lastKnownFileType = sourcecode.swift; name = DocumentBrowserViewController.swift; path = DocumentControllers/DocumentBrowserViewController.swift; sourceTree = "<group>"; };
		75B5C47E2A389A2300F63A5A /* ImageGalleryDocument.swift */ = {isa = PBXFileReference; lastKnownFileType = sourcecode.swift; path = ImageGalleryDocument.swift; sourceTree = "<group>"; };
		75B5C4812A389A2300F63A5A /* Base */ = {isa = PBXFileReference; lastKnownFileType = file.storyboard; name = Base; path = Base.lproj/Main.storyboard; sourceTree = "<group>"; };
		75B5C4832A389A2300F63A5A /* Assets.xcassets */ = {isa = PBXFileReference; lastKnownFileType = folder.assetcatalog; path = Assets.xcassets; sourceTree = "<group>"; };
		75B5C4862A389A2300F63A5A /* Base */ = {isa = PBXFileReference; lastKnownFileType = file.storyboard; name = Base; path = Base.lproj/LaunchScreen.storyboard; sourceTree = "<group>"; };
		75B5C4882A389A2300F63A5A /* Info.plist */ = {isa = PBXFileReference; lastKnownFileType = text.plist.xml; path = Info.plist; sourceTree = "<group>"; };
		75B5C48E2A389EB100F63A5A /* ImageGalleryGestures.swift */ = {isa = PBXFileReference; fileEncoding = 4; lastKnownFileType = sourcecode.swift; name = ImageGalleryGestures.swift; path = Utilities/Gestures/ImageGalleryGestures.swift; sourceTree = "<group>"; };
		75B5C48F2A389EB100F63A5A /* Cellidentifire.swift */ = {isa = PBXFileReference; fileEncoding = 4; lastKnownFileType = sourcecode.swift; path = Cellidentifire.swift; sourceTree = "<group>"; };
		75B5C4902A389EB100F63A5A /* ImageCollectionViewCell.swift */ = {isa = PBXFileReference; fileEncoding = 4; lastKnownFileType = sourcecode.swift; path = ImageCollectionViewCell.swift; sourceTree = "<group>"; };
		75B5C4912A389EB100F63A5A /* Utilities.swift */ = {isa = PBXFileReference; fileEncoding = 4; lastKnownFileType = sourcecode.swift; path = Utilities.swift; sourceTree = "<group>"; };
		75B5C4922A389EB100F63A5A /* ImageGalleryViewController.swift */ = {isa = PBXFileReference; fileEncoding = 4; lastKnownFileType = sourcecode.swift; name = ImageGalleryViewController.swift; path = ImageControllers/ImageGalleryViewController.swift; sourceTree = "<group>"; };
		75B5C4932A389EB100F63A5A /* ImageVC.swift */ = {isa = PBXFileReference; fileEncoding = 4; lastKnownFileType = sourcecode.swift; name = ImageVC.swift; path = ImageControllers/ImageVC.swift; sourceTree = "<group>"; };
		75B5C4942A389EB100F63A5A /* CacheManager.swift */ = {isa = PBXFileReference; fileEncoding = 4; lastKnownFileType = sourcecode.swift; path = CacheManager.swift; sourceTree = "<group>"; };
		75B5C49D2A38BAE700F63A5A /* ImageGallery.swift */ = {isa = PBXFileReference; lastKnownFileType = sourcecode.swift; path = ImageGallery.swift; sourceTree = "<group>"; };
/* End PBXFileReference section */

/* Begin PBXFrameworksBuildPhase section */
		75B5C4722A389A2300F63A5A /* Frameworks */ = {
			isa = PBXFrameworksBuildPhase;
			buildActionMask = 2147483647;
			files = (
			);
			runOnlyForDeploymentPostprocessing = 0;
		};
/* End PBXFrameworksBuildPhase section */

/* Begin PBXGroup section */
		75B5C46C2A389A2300F63A5A = {
			isa = PBXGroup;
			children = (
				75B5C4772A389A2300F63A5A /* DocumentImageGallery */,
				75B5C4762A389A2300F63A5A /* Products */,
			);
			sourceTree = "<group>";
		};
		75B5C4762A389A2300F63A5A /* Products */ = {
			isa = PBXGroup;
			children = (
				75B5C4752A389A2300F63A5A /* DocumentImageGallery.app */,
			);
			name = Products;
			sourceTree = "<group>";
		};
		75B5C4772A389A2300F63A5A /* DocumentImageGallery */ = {
			isa = PBXGroup;
			children = (
				75B5C4AB2A448DE600F63A5A /* Views */,
				75B5C4AA2A448D5300F63A5A /* Utilities */,
				75B5C49F2A3BE78D00F63A5A /* Model */,
				75B5C4A22A44868C00F63A5A /* Controllers */,
				75B5C4802A389A2300F63A5A /* Main.storyboard */,
				75B5C49C2A38AF5200F63A5A /* Supporting Files */,
				75B5C4882A389A2300F63A5A /* Info.plist */,
			);
			path = DocumentImageGallery;
			sourceTree = "<group>";
		};
		75B5C49C2A38AF5200F63A5A /* Supporting Files */ = {
			isa = PBXGroup;
			children = (
				75B5C4832A389A2300F63A5A /* Assets.xcassets */,
				75B5C4912A389EB100F63A5A /* Utilities.swift */,
				75B5C4782A389A2300F63A5A /* AppDelegate.swift */,
				75B5C4852A389A2300F63A5A /* LaunchScreen.storyboard */,
			);
			path = "Supporting Files";
			sourceTree = "<group>";
		};
		75B5C49F2A3BE78D00F63A5A /* Model */ = {
			isa = PBXGroup;
			children = (
				75B5C4A92A448CEF00F63A5A /* ImageGallery */,
				75B5C4A82A448A4300F63A5A /* Document */,
			);
			path = Model;
			sourceTree = "<group>";
		};
		75B5C4A02A44862600F63A5A /* Manager */ = {
			isa = PBXGroup;
			children = (
				75B5C4942A389EB100F63A5A /* CacheManager.swift */,
			);
			path = Manager;
			sourceTree = "<group>";
		};
		75B5C4A12A44867500F63A5A /* Gestures */ = {
			isa = PBXGroup;
			children = (
				75B5C48E2A389EB100F63A5A /* ImageGalleryGestures.swift */,
			);
			name = Gestures;
			path = ..;
			sourceTree = "<group>";
		};
		75B5C4A22A44868C00F63A5A /* Controllers */ = {
			isa = PBXGroup;
			children = (
				75B5C4A62A44876B00F63A5A /* DocumentControllers */,
				75B5C4A52A44875200F63A5A /* ImageControllers */,
			);
			path = Controllers;
			sourceTree = "<group>";
		};
		75B5C4A32A4486F900F63A5A /* Identifires */ = {
			isa = PBXGroup;
			children = (
				75B5C4A42A44871200F63A5A /* CellIdentifires */,
			);
			path = Identifires;
			sourceTree = "<group>";
		};
		75B5C4A42A44871200F63A5A /* CellIdentifires */ = {
			isa = PBXGroup;
			children = (
				75B5C48F2A389EB100F63A5A /* Cellidentifire.swift */,
			);
			path = CellIdentifires;
			sourceTree = "<group>";
		};
		75B5C4A52A44875200F63A5A /* ImageControllers */ = {
			isa = PBXGroup;
			children = (
				75B5C4922A389EB100F63A5A /* ImageGalleryViewController.swift */,
				75B5C4932A389EB100F63A5A /* ImageVC.swift */,
			);
			name = ImageControllers;
			sourceTree = "<group>";
		};
		75B5C4A62A44876B00F63A5A /* DocumentControllers */ = {
			isa = PBXGroup;
			children = (
				75B5C47A2A389A2300F63A5A /* DocumentBrowserViewController.swift */,
			);
			name = DocumentControllers;
			sourceTree = "<group>";
		};
		75B5C4A82A448A4300F63A5A /* Document */ = {
			isa = PBXGroup;
			children = (
				75B5C47E2A389A2300F63A5A /* ImageGalleryDocument.swift */,
			);
			path = Document;
			sourceTree = "<group>";
		};
		75B5C4A92A448CEF00F63A5A /* ImageGallery */ = {
			isa = PBXGroup;
			children = (
				75B5C49D2A38BAE700F63A5A /* ImageGallery.swift */,
			);
			path = ImageGallery;
			sourceTree = "<group>";
		};
		75B5C4AA2A448D5300F63A5A /* Utilities */ = {
			isa = PBXGroup;
			children = (
				75B5C4A32A4486F900F63A5A /* Identifires */,
				75B5C4A12A44867500F63A5A /* Gestures */,
				75B5C4A02A44862600F63A5A /* Manager */,
			);
			path = Utilities;
			sourceTree = "<group>";
		};
		75B5C4AB2A448DE600F63A5A /* Views */ = {
			isa = PBXGroup;
			children = (
				75B5C4AC2A448E3300F63A5A /* ImageCollectionViewCell */,
			);
			path = Views;
			sourceTree = "<group>";
		};
		75B5C4AC2A448E3300F63A5A /* ImageCollectionViewCell */ = {
			isa = PBXGroup;
			children = (
				75B5C4902A389EB100F63A5A /* ImageCollectionViewCell.swift */,
			);
			path = ImageCollectionViewCell;
			sourceTree = "<group>";
		};
/* End PBXGroup section */

/* Begin PBXNativeTarget section */
		75B5C4742A389A2300F63A5A /* DocumentImageGallery */ = {
			isa = PBXNativeTarget;
			buildConfigurationList = 75B5C48B2A389A2300F63A5A /* Build configuration list for PBXNativeTarget "DocumentImageGallery" */;
			buildPhases = (
				75B5C4712A389A2300F63A5A /* Sources */,
				75B5C4722A389A2300F63A5A /* Frameworks */,
				75B5C4732A389A2300F63A5A /* Resources */,
			);
			buildRules = (
			);
			dependencies = (
			);
			name = DocumentImageGallery;
			productName = DocumentImageGallery;
			productReference = 75B5C4752A389A2300F63A5A /* DocumentImageGallery.app */;
			productType = "com.apple.product-type.application";
		};
/* End PBXNativeTarget section */

/* Begin PBXProject section */
		75B5C46D2A389A2300F63A5A /* Project object */ = {
			isa = PBXProject;
			attributes = {
				BuildIndependentTargetsInParallel = 1;
				LastSwiftUpdateCheck = 1420;
				LastUpgradeCheck = 1420;
				TargetAttributes = {
					75B5C4742A389A2300F63A5A = {
						CreatedOnToolsVersion = 14.2;
					};
				};
			};
			buildConfigurationList = 75B5C4702A389A2300F63A5A /* Build configuration list for PBXProject "DocumentImageGallery" */;
			compatibilityVersion = "Xcode 14.0";
			developmentRegion = en;
			hasScannedForEncodings = 0;
			knownRegions = (
				en,
				Base,
			);
			mainGroup = 75B5C46C2A389A2300F63A5A;
			productRefGroup = 75B5C4762A389A2300F63A5A /* Products */;
			projectDirPath = "";
			projectRoot = "";
			targets = (
				75B5C4742A389A2300F63A5A /* DocumentImageGallery */,
			);
		};
/* End PBXProject section */

/* Begin PBXResourcesBuildPhase section */
		75B5C4732A389A2300F63A5A /* Resources */ = {
			isa = PBXResourcesBuildPhase;
			buildActionMask = 2147483647;
			files = (
				75B5C4872A389A2300F63A5A /* LaunchScreen.storyboard in Resources */,
				75B5C4842A389A2300F63A5A /* Assets.xcassets in Resources */,
				75B5C4822A389A2300F63A5A /* Main.storyboard in Resources */,
			);
			runOnlyForDeploymentPostprocessing = 0;
		};
/* End PBXResourcesBuildPhase section */

/* Begin PBXSourcesBuildPhase section */
		75B5C4712A389A2300F63A5A /* Sources */ = {
			isa = PBXSourcesBuildPhase;
			buildActionMask = 2147483647;
			files = (
				75B5C49B2A389EB100F63A5A /* CacheManager.swift in Sources */,
				75B5C4972A389EB100F63A5A /* ImageCollectionViewCell.swift in Sources */,
				75B5C47F2A389A2300F63A5A /* ImageGalleryDocument.swift in Sources */,
				75B5C4992A389EB100F63A5A /* ImageGalleryViewController.swift in Sources */,
				75B5C4982A389EB100F63A5A /* Utilities.swift in Sources */,
				75B5C47B2A389A2300F63A5A /* DocumentBrowserViewController.swift in Sources */,
				75B5C4952A389EB100F63A5A /* ImageGalleryGestures.swift in Sources */,
				75B5C4962A389EB100F63A5A /* Cellidentifire.swift in Sources */,
				75B5C4792A389A2300F63A5A /* AppDelegate.swift in Sources */,
				75B5C49A2A389EB100F63A5A /* ImageVC.swift in Sources */,
				75B5C49E2A38BAE700F63A5A /* ImageGallery.swift in Sources */,
			);
			runOnlyForDeploymentPostprocessing = 0;
		};
/* End PBXSourcesBuildPhase section */

/* Begin PBXVariantGroup section */
		75B5C4802A389A2300F63A5A /* Main.storyboard */ = {
			isa = PBXVariantGroup;
			children = (
				75B5C4812A389A2300F63A5A /* Base */,
			);
			name = Main.storyboard;
			sourceTree = "<group>";
		};
		75B5C4852A389A2300F63A5A /* LaunchScreen.storyboard */ = {
			isa = PBXVariantGroup;
			children = (
				75B5C4862A389A2300F63A5A /* Base */,
			);
			name = LaunchScreen.storyboard;
			sourceTree = "<group>";
		};
/* End PBXVariantGroup section */

/* Begin XCBuildConfiguration section */
		75B5C4892A389A2300F63A5A /* Debug */ = {
			isa = XCBuildConfiguration;
			buildSettings = {
				ALWAYS_SEARCH_USER_PATHS = NO;
				CLANG_ANALYZER_NONNULL = YES;
				CLANG_ANALYZER_NUMBER_OBJECT_CONVERSION = YES_AGGRESSIVE;
				CLANG_CXX_LANGUAGE_STANDARD = "gnu++20";
				CLANG_ENABLE_MODULES = YES;
				CLANG_ENABLE_OBJC_ARC = YES;
				CLANG_ENABLE_OBJC_WEAK = YES;
				CLANG_WARN_BLOCK_CAPTURE_AUTORELEASING = YES;
				CLANG_WARN_BOOL_CONVERSION = YES;
				CLANG_WARN_COMMA = YES;
				CLANG_WARN_CONSTANT_CONVERSION = YES;
				CLANG_WARN_DEPRECATED_OBJC_IMPLEMENTATIONS = YES;
				CLANG_WARN_DIRECT_OBJC_ISA_USAGE = YES_ERROR;
				CLANG_WARN_DOCUMENTATION_COMMENTS = YES;
				CLANG_WARN_EMPTY_BODY = YES;
				CLANG_WARN_ENUM_CONVERSION = YES;
				CLANG_WARN_INFINITE_RECURSION = YES;
				CLANG_WARN_INT_CONVERSION = YES;
				CLANG_WARN_NON_LITERAL_NULL_CONVERSION = YES;
				CLANG_WARN_OBJC_IMPLICIT_RETAIN_SELF = YES;
				CLANG_WARN_OBJC_LITERAL_CONVERSION = YES;
				CLANG_WARN_OBJC_ROOT_CLASS = YES_ERROR;
				CLANG_WARN_QUOTED_INCLUDE_IN_FRAMEWORK_HEADER = YES;
				CLANG_WARN_RANGE_LOOP_ANALYSIS = YES;
				CLANG_WARN_STRICT_PROTOTYPES = YES;
				CLANG_WARN_SUSPICIOUS_MOVE = YES;
				CLANG_WARN_UNGUARDED_AVAILABILITY = YES_AGGRESSIVE;
				CLANG_WARN_UNREACHABLE_CODE = YES;
				CLANG_WARN__DUPLICATE_METHOD_MATCH = YES;
				COPY_PHASE_STRIP = NO;
				DEBUG_INFORMATION_FORMAT = dwarf;
				ENABLE_STRICT_OBJC_MSGSEND = YES;
				ENABLE_TESTABILITY = YES;
				GCC_C_LANGUAGE_STANDARD = gnu11;
				GCC_DYNAMIC_NO_PIC = NO;
				GCC_NO_COMMON_BLOCKS = YES;
				GCC_OPTIMIZATION_LEVEL = 0;
				GCC_PREPROCESSOR_DEFINITIONS = (
					"DEBUG=1",
					"$(inherited)",
				);
				GCC_WARN_64_TO_32_BIT_CONVERSION = YES;
				GCC_WARN_ABOUT_RETURN_TYPE = YES_ERROR;
				GCC_WARN_UNDECLARED_SELECTOR = YES;
				GCC_WARN_UNINITIALIZED_AUTOS = YES_AGGRESSIVE;
				GCC_WARN_UNUSED_FUNCTION = YES;
				GCC_WARN_UNUSED_VARIABLE = YES;
				IPHONEOS_DEPLOYMENT_TARGET = 16.2;
				MTL_ENABLE_DEBUG_INFO = INCLUDE_SOURCE;
				MTL_FAST_MATH = YES;
				ONLY_ACTIVE_ARCH = YES;
				SDKROOT = iphoneos;
				SWIFT_ACTIVE_COMPILATION_CONDITIONS = DEBUG;
				SWIFT_OPTIMIZATION_LEVEL = "-Onone";
			};
			name = Debug;
		};
		75B5C48A2A389A2300F63A5A /* Release */ = {
			isa = XCBuildConfiguration;
			buildSettings = {
				ALWAYS_SEARCH_USER_PATHS = NO;
				CLANG_ANALYZER_NONNULL = YES;
				CLANG_ANALYZER_NUMBER_OBJECT_CONVERSION = YES_AGGRESSIVE;
				CLANG_CXX_LANGUAGE_STANDARD = "gnu++20";
				CLANG_ENABLE_MODULES = YES;
				CLANG_ENABLE_OBJC_ARC = YES;
				CLANG_ENABLE_OBJC_WEAK = YES;
				CLANG_WARN_BLOCK_CAPTURE_AUTORELEASING = YES;
				CLANG_WARN_BOOL_CONVERSION = YES;
				CLANG_WARN_COMMA = YES;
				CLANG_WARN_CONSTANT_CONVERSION = YES;
				CLANG_WARN_DEPRECATED_OBJC_IMPLEMENTATIONS = YES;
				CLANG_WARN_DIRECT_OBJC_ISA_USAGE = YES_ERROR;
				CLANG_WARN_DOCUMENTATION_COMMENTS = YES;
				CLANG_WARN_EMPTY_BODY = YES;
				CLANG_WARN_ENUM_CONVERSION = YES;
				CLANG_WARN_INFINITE_RECURSION = YES;
				CLANG_WARN_INT_CONVERSION = YES;
				CLANG_WARN_NON_LITERAL_NULL_CONVERSION = YES;
				CLANG_WARN_OBJC_IMPLICIT_RETAIN_SELF = YES;
				CLANG_WARN_OBJC_LITERAL_CONVERSION = YES;
				CLANG_WARN_OBJC_ROOT_CLASS = YES_ERROR;
				CLANG_WARN_QUOTED_INCLUDE_IN_FRAMEWORK_HEADER = YES;
				CLANG_WARN_RANGE_LOOP_ANALYSIS = YES;
				CLANG_WARN_STRICT_PROTOTYPES = YES;
				CLANG_WARN_SUSPICIOUS_MOVE = YES;
				CLANG_WARN_UNGUARDED_AVAILABILITY = YES_AGGRESSIVE;
				CLANG_WARN_UNREACHABLE_CODE = YES;
				CLANG_WARN__DUPLICATE_METHOD_MATCH = YES;
				COPY_PHASE_STRIP = NO;
				DEBUG_INFORMATION_FORMAT = "dwarf-with-dsym";
				ENABLE_NS_ASSERTIONS = NO;
				ENABLE_STRICT_OBJC_MSGSEND = YES;
				GCC_C_LANGUAGE_STANDARD = gnu11;
				GCC_NO_COMMON_BLOCKS = YES;
				GCC_WARN_64_TO_32_BIT_CONVERSION = YES;
				GCC_WARN_ABOUT_RETURN_TYPE = YES_ERROR;
				GCC_WARN_UNDECLARED_SELECTOR = YES;
				GCC_WARN_UNINITIALIZED_AUTOS = YES_AGGRESSIVE;
				GCC_WARN_UNUSED_FUNCTION = YES;
				GCC_WARN_UNUSED_VARIABLE = YES;
				IPHONEOS_DEPLOYMENT_TARGET = 16.2;
				MTL_ENABLE_DEBUG_INFO = NO;
				MTL_FAST_MATH = YES;
				SDKROOT = iphoneos;
				SWIFT_COMPILATION_MODE = wholemodule;
				SWIFT_OPTIMIZATION_LEVEL = "-O";
				VALIDATE_PRODUCT = YES;
			};
			name = Release;
		};
		75B5C48C2A389A2300F63A5A /* Debug */ = {
			isa = XCBuildConfiguration;
			buildSettings = {
				ASSETCATALOG_COMPILER_APPICON_NAME = AppIcon;
				ASSETCATALOG_COMPILER_GLOBAL_ACCENT_COLOR_NAME = AccentColor;
				CODE_SIGN_STYLE = Automatic;
				CURRENT_PROJECT_VERSION = 1;
				DEVELOPMENT_TEAM = 8NY5358LMK;
				GENERATE_INFOPLIST_FILE = YES;
				INFOPLIST_FILE = DocumentImageGallery/Info.plist;
				INFOPLIST_KEY_UIApplicationSupportsIndirectInputEvents = YES;
				INFOPLIST_KEY_UILaunchStoryboardName = LaunchScreen;
				INFOPLIST_KEY_UIMainStoryboardFile = Main;
				INFOPLIST_KEY_UISupportedInterfaceOrientations_iPad = "UIInterfaceOrientationPortrait UIInterfaceOrientationPortraitUpsideDown UIInterfaceOrientationLandscapeLeft UIInterfaceOrientationLandscapeRight";
				INFOPLIST_KEY_UISupportedInterfaceOrientations_iPhone = "UIInterfaceOrientationPortrait UIInterfaceOrientationLandscapeLeft UIInterfaceOrientationLandscapeRight";
				INFOPLIST_KEY_UISupportsDocumentBrowser = YES;
				LD_RUNPATH_SEARCH_PATHS = (
					"$(inherited)",
					"@executable_path/Frameworks",
				);
				MARKETING_VERSION = 1.0;
				PRODUCT_BUNDLE_IDENTIFIER = com.pripandreik.com.DocumentImageGallery;
				PRODUCT_NAME = "$(TARGET_NAME)";
				SWIFT_EMIT_LOC_STRINGS = YES;
				SWIFT_VERSION = 5.0;
				TARGETED_DEVICE_FAMILY = "1,2";
			};
			name = Debug;
		};
		75B5C48D2A389A2300F63A5A /* Release */ = {
			isa = XCBuildConfiguration;
			buildSettings = {
				ASSETCATALOG_COMPILER_APPICON_NAME = AppIcon;
				ASSETCATALOG_COMPILER_GLOBAL_ACCENT_COLOR_NAME = AccentColor;
				CODE_SIGN_STYLE = Automatic;
				CURRENT_PROJECT_VERSION = 1;
				DEVELOPMENT_TEAM = 8NY5358LMK;
				GENERATE_INFOPLIST_FILE = YES;
				INFOPLIST_FILE = DocumentImageGallery/Info.plist;
				INFOPLIST_KEY_UIApplicationSupportsIndirectInputEvents = YES;
				INFOPLIST_KEY_UILaunchStoryboardName = LaunchScreen;
				INFOPLIST_KEY_UIMainStoryboardFile = Main;
				INFOPLIST_KEY_UISupportedInterfaceOrientations_iPad = "UIInterfaceOrientationPortrait UIInterfaceOrientationPortraitUpsideDown UIInterfaceOrientationLandscapeLeft UIInterfaceOrientationLandscapeRight";
				INFOPLIST_KEY_UISupportedInterfaceOrientations_iPhone = "UIInterfaceOrientationPortrait UIInterfaceOrientationLandscapeLeft UIInterfaceOrientationLandscapeRight";
				INFOPLIST_KEY_UISupportsDocumentBrowser = YES;
				LD_RUNPATH_SEARCH_PATHS = (
					"$(inherited)",
					"@executable_path/Frameworks",
				);
				MARKETING_VERSION = 1.0;
				PRODUCT_BUNDLE_IDENTIFIER = com.pripandreik.com.DocumentImageGallery;
				PRODUCT_NAME = "$(TARGET_NAME)";
				SWIFT_EMIT_LOC_STRINGS = YES;
				SWIFT_VERSION = 5.0;
				TARGETED_DEVICE_FAMILY = "1,2";
			};
			name = Release;
		};
/* End XCBuildConfiguration section */

/* Begin XCConfigurationList section */
		75B5C4702A389A2300F63A5A /* Build configuration list for PBXProject "DocumentImageGallery" */ = {
			isa = XCConfigurationList;
			buildConfigurations = (
				75B5C4892A389A2300F63A5A /* Debug */,
				75B5C48A2A389A2300F63A5A /* Release */,
			);
			defaultConfigurationIsVisible = 0;
			defaultConfigurationName = Release;
		};
		75B5C48B2A389A2300F63A5A /* Build configuration list for PBXNativeTarget "DocumentImageGallery" */ = {
			isa = XCConfigurationList;
			buildConfigurations = (
				75B5C48C2A389A2300F63A5A /* Debug */,
				75B5C48D2A389A2300F63A5A /* Release */,
			);
			defaultConfigurationIsVisible = 0;
			defaultConfigurationName = Release;
		};
/* End XCConfigurationList section */
	};
	rootObject = 75B5C46D2A389A2300F63A5A /* Project object */;
}
